
Microsoft Visual Studio Solution File, Format Version 12.00
# Visual Studio Version 17
VisualStudioVersion = 17.2.32616.157
MinimumVisualStudioVersion = 10.0.40219.1
Project("{FAE04EC0-301F-11D3-BF4B-00C04F79EFBC}") = "AuthendicationWithCli", "AuthendicationWithCli\AuthendicationWithCli.csproj", "{E7981BDF-6AF8-4DD3-96E6-FF4ED4E2C73E}"
EndProject
Global
	GlobalSection(SolutionConfigurationPlatforms) = preSolution
		Debug|Any CPU = Debug|Any CPU
		Release|Any CPU = Release|Any CPU
	EndGlobalSection
	GlobalSection(ProjectConfigurationPlatforms) = postSolution
		{E7981BDF-6AF8-4DD3-96E6-FF4ED4E2C73E}.Debug|Any CPU.ActiveCfg = Debug|Any CPU
		{E7981BDF-6AF8-4DD3-96E6-FF4ED4E2C73E}.Debug|Any CPU.Build.0 = Debug|Any CPU
		{E7981BDF-6AF8-4DD3-96E6-FF4ED4E2C73E}.Release|Any CPU.ActiveCfg = Release|Any CPU
		{E7981BDF-6AF8-4DD3-96E6-FF4ED4E2C73E}.Release|Any CPU.Build.0 = Release|Any CPU
	EndGlobalSection
	GlobalSection(SolutionProperties) = preSolution
		HideSolutionNode = FALSE
	EndGlobalSection
	GlobalSection(ExtensibilityGlobals) = postSolution
		SolutionGuid = {18453530-6509-442A-A1EB-A6B7F814B977}
	EndGlobalSection
EndGlobal
